
Microsoft Visual Studio Solution File, Format Version 12.00
# Visual Studio Version 16
VisualStudioVersion = 16.0.29503.13
MinimumVisualStudioVersion = 10.0.40219.1
Project("{FAE04EC0-301F-11D3-BF4B-00C04F79EFBC}") = "StarrForensics", "StarrForensics\StarrForensics.csproj", "{4821AC8C-3AC8-46E0-9C2C-2792EB10A3A2}"
EndProject
Global
	GlobalSection(SolutionConfigurationPlatforms) = preSolution
		Debug|Any CPU = Debug|Any CPU
		Release|Any CPU = Release|Any CPU
	EndGlobalSection
	GlobalSection(ProjectConfigurationPlatforms) = postSolution
		{4821AC8C-3AC8-46E0-9C2C-2792EB10A3A2}.Debug|Any CPU.ActiveCfg = Debug|Any CPU
		{4821AC8C-3AC8-46E0-9C2C-2792EB10A3A2}.Debug|Any CPU.Build.0 = Debug|Any CPU
		{4821AC8C-3AC8-46E0-9C2C-2792EB10A3A2}.Release|Any CPU.ActiveCfg = Release|Any CPU
		{4821AC8C-3AC8-46E0-9C2C-2792EB10A3A2}.Release|Any CPU.Build.0 = Release|Any CPU
	EndGlobalSection
	GlobalSection(SolutionProperties) = preSolution
		HideSolutionNode = FALSE
	EndGlobalSection
	GlobalSection(ExtensibilityGlobals) = postSolution
		SolutionGuid = {86D8AF0E-66E5-4B7A-A4D9-5AAD21EA58A3}
	EndGlobalSection
EndGlobal
